
Microsoft Visual Studio Solution File, Format Version 12.00
# Visual Studio Version 17
VisualStudioVersion = 17.6.33801.468
MinimumVisualStudioVersion = 10.0.40219.1
Project("{FAE04EC0-301F-11D3-BF4B-00C04F79EFBC}") = "hello-app-web", "hello-app-web.csproj", "{B0FB56AD-6641-4AF7-B752-A1677F7FFE26}"
EndProject
Global
	GlobalSection(SolutionConfigurationPlatforms) = preSolution
		Debug|Any CPU = Debug|Any CPU
		Release|Any CPU = Release|Any CPU
	EndGlobalSection
	GlobalSection(ProjectConfigurationPlatforms) = postSolution
		{B0FB56AD-6641-4AF7-B752-A1677F7FFE26}.Debug|Any CPU.ActiveCfg = Debug|Any CPU
		{B0FB56AD-6641-4AF7-B752-A1677F7FFE26}.Debug|Any CPU.Build.0 = Debug|Any CPU
		{B0FB56AD-6641-4AF7-B752-A1677F7FFE26}.Release|Any CPU.ActiveCfg = Release|Any CPU
		{B0FB56AD-6641-4AF7-B752-A1677F7FFE26}.Release|Any CPU.Build.0 = Release|Any CPU
	EndGlobalSection
	GlobalSection(SolutionProperties) = preSolution
		HideSolutionNode = FALSE
	EndGlobalSection
	GlobalSection(ExtensibilityGlobals) = postSolution
		SolutionGuid = {69B2944D-0E33-4735-A6C1-A5887AF80A88}
	EndGlobalSection
EndGlobal
